
Microsoft Visual Studio Solution File, Format Version 12.00
# Visual Studio Version 17
VisualStudioVersion = 17.11.35312.102
MinimumVisualStudioVersion = 10.0.40219.1
Project("{FAE04EC0-301F-11D3-BF4B-00C04F79EFBC}") = "CS01HelloWorld", "CS01HelloWorld\CS01HelloWorld.csproj", "{E75A772D-7189-49D7-92C8-9BD0DEDE0370}"
EndProject
Global
	GlobalSection(SolutionConfigurationPlatforms) = preSolution
		Debug|Any CPU = Debug|Any CPU
		Release|Any CPU = Release|Any CPU
	EndGlobalSection
	GlobalSection(ProjectConfigurationPlatforms) = postSolution
		{E75A772D-7189-49D7-92C8-9BD0DEDE0370}.Debug|Any CPU.ActiveCfg = Debug|Any CPU
		{E75A772D-7189-49D7-92C8-9BD0DEDE0370}.Debug|Any CPU.Build.0 = Debug|Any CPU
		{E75A772D-7189-49D7-92C8-9BD0DEDE0370}.Release|Any CPU.ActiveCfg = Release|Any CPU
		{E75A772D-7189-49D7-92C8-9BD0DEDE0370}.Release|Any CPU.Build.0 = Release|Any CPU
	EndGlobalSection
	GlobalSection(SolutionProperties) = preSolution
		HideSolutionNode = FALSE
	EndGlobalSection
	GlobalSection(ExtensibilityGlobals) = postSolution
		SolutionGuid = {DA374D74-B1BB-47B4-B632-B73218E17C54}
	EndGlobalSection
EndGlobal
