
Microsoft Visual Studio Solution File, Format Version 12.00
# Visual Studio Version 17
VisualStudioVersion = 17.11.35312.102
MinimumVisualStudioVersion = 10.0.40219.1
Project("{FAE04EC0-301F-11D3-BF4B-00C04F79EFBC}") = "CS02VariablesConstantsIO", "CS02VariablesConstantsIO\CS02VariablesConstantsIO.csproj", "{674C175B-26F2-4575-84A4-098A896BDD60}"
EndProject
Global
	GlobalSection(SolutionConfigurationPlatforms) = preSolution
		Debug|Any CPU = Debug|Any CPU
		Release|Any CPU = Release|Any CPU
	EndGlobalSection
	GlobalSection(ProjectConfigurationPlatforms) = postSolution
		{674C175B-26F2-4575-84A4-098A896BDD60}.Debug|Any CPU.ActiveCfg = Debug|Any CPU
		{674C175B-26F2-4575-84A4-098A896BDD60}.Debug|Any CPU.Build.0 = Debug|Any CPU
		{674C175B-26F2-4575-84A4-098A896BDD60}.Release|Any CPU.ActiveCfg = Release|Any CPU
		{674C175B-26F2-4575-84A4-098A896BDD60}.Release|Any CPU.Build.0 = Release|Any CPU
	EndGlobalSection
	GlobalSection(SolutionProperties) = preSolution
		HideSolutionNode = FALSE
	EndGlobalSection
	GlobalSection(ExtensibilityGlobals) = postSolution
		SolutionGuid = {78FC4607-7E82-4CB2-9E4C-BDFB15476EB8}
	EndGlobalSection
EndGlobal
