
Microsoft Visual Studio Solution File, Format Version 12.00
# Visual Studio Version 17
VisualStudioVersion = 17.11.35312.102
MinimumVisualStudioVersion = 10.0.40219.1
Project("{FAE04EC0-301F-11D3-BF4B-00C04F79EFBC}") = "CS06Array", "CS06Array\CS06Array.csproj", "{C78B3787-0DC4-47C6-B702-C57916972B41}"
EndProject
Global
	GlobalSection(SolutionConfigurationPlatforms) = preSolution
		Debug|Any CPU = Debug|Any CPU
		Release|Any CPU = Release|Any CPU
	EndGlobalSection
	GlobalSection(ProjectConfigurationPlatforms) = postSolution
		{C78B3787-0DC4-47C6-B702-C57916972B41}.Debug|Any CPU.ActiveCfg = Debug|Any CPU
		{C78B3787-0DC4-47C6-B702-C57916972B41}.Debug|Any CPU.Build.0 = Debug|Any CPU
		{C78B3787-0DC4-47C6-B702-C57916972B41}.Release|Any CPU.ActiveCfg = Release|Any CPU
		{C78B3787-0DC4-47C6-B702-C57916972B41}.Release|Any CPU.Build.0 = Release|Any CPU
	EndGlobalSection
	GlobalSection(SolutionProperties) = preSolution
		HideSolutionNode = FALSE
	EndGlobalSection
	GlobalSection(ExtensibilityGlobals) = postSolution
		SolutionGuid = {FD8B917F-039F-49D1-9496-58FE2D1B1B2A}
	EndGlobalSection
EndGlobal
